github.com/BurntSushi/toml v0.3.1/go.mod h1:xHWCNGjB5oqiDr8zfno3MHue2Ht5sIBksp03qcyfWMU=
github.com/Pallinder/go-randomdata v1.1.0 h1:gUubB1IEUliFmzjqjhf+bgkg1o6uoFIkRsP3VrhEcx8=
github.com/Pallinder/go-randomdata v1.1.0/go.mod h1:yHmJgulpD2Nfrm0cR9tI/+oAgRqCQQixsA8HyRZfV9Y=
github.com/colinmarc/cdb v0.0.0-20190223170904-60f317823f70 h1:1uCY1nJQwssamFp/L2rk8rRycjBn0l2nYIrP/pPBRgE=
github.com/colinmarc/cdb v0.0.0-20190223170904-60f317823f70/go.mod h1:lZuNMoMtkGwujKDy0EndRQBl7owNIHwRq1ycvQeaWqg=
github.com/davecgh/go-spew v1.1.0/go.mod h1:J7Y8YcW2NihsgmVo/mv3lAwl/skON4iLHjSsI+c5H38=
github.com/davecgh/go-spew v1.1.1 h1:vj9j/u1bqnvCEfJOwUhtlOARqs3+rkHYY13jYWTU97c=
github.com/davecgh/go-spew v1.1.1/go.mod h1:J7Y8YcW2NihsgmVo/mv3lAwl/skON4iLHjSsI+c5H38=
github.com/pelletier/go-toml v1.6.0/go.mod h1:5N711Q9dKgbdkxHL+MEfF31hpT7l0S0s/t2kKREewys=
github.com/peterbourgon/ff/v3 v3.1.0 h1:5JAeDK5j/zhKFjyHEZQXwXBoDijERaos10RE+xamOsY=
github.com/peterbourgon/ff/v3 v3.1.0/go.mod h1:XNJLY8EIl6MjMVjBS4F0+G0LYoAqs0DTa4rmHHukKDE=
github.com/pmezard/go-difflib v1.0.0 h1:4DBwDE0NGyQoBHbLQYPwSUPoCMWR5BEzIk/f1lZbAQM=
github.com/pmezard/go-difflib v1.0.0/go.mod h1:iKH77koFhYxTK1pcRnkKkqfTogsbg7gZNVY4sRDYZ/4=
github.com/stretchr/objx v0.1.0/go.mod h1:HFkY916IF+rwdDfMAkV7OtwuqBVzrE8GR6GFx+wExME=
github.com/stretchr/testify v1.3.0 h1:TivCn/peBQ7UY8ooIcPgZFpTNSz0Q2U6UrFlUfqbe0Q=
github.com/stretchr/testify v1.3.0/go.mod h1:M5WIy9Dh21IEIfnGCwXGc5bZfKNJtfHm1UVUgZn+9EI=
golang.org/x/exp v0.0.0-20210903233438-a2d0902c3ac7 h1:Zwv7RLDIqf9EUEQyR7ZcXdiC4R7yyBRFgXoUSaYm1jY=
golang.org/x/exp v0.0.0-20210903233438-a2d0902c3ac7/go.mod h1:a3o/VtDNHN+dCVLEpzjjUHOzR+Ln3DHX056ZPzoZGGA=
gopkg.in/check.v1 v0.0.0-20161208181325-20d25e280405/go.mod h1:Co6ibVJAznAaIkqp8huTwlJQCZ016jof/cbN4VW5Yz0=
gopkg.in/yaml.v2 v2.2.4/go.mod h1:hI93XBmqTisBFMUTm0b8Fm+jr3Dg1NNxqwp+5A1VGuI=
